Microsoft Visual Studio Solution File, Format Version 12.00
# Visual Studio Version 17
VisualStudioVersion = 17.5.2.0
MinimumVisualStudioVersion = 10.0.40219.1
Project("{FAE04EC0-301F-11D3-BF4B-00C04F79EFBC}") = "DungeonSlime", "DungeonSlime.csproj", "{ED6B5FFA-0E1C-4BCE-D08B-69CC2DE9576F}"
EndProject
Global
	GlobalSection(SolutionConfigurationPlatforms) = preSolution
		Debug|Any CPU = Debug|Any CPU
		Release|Any CPU = Release|Any CPU
	EndGlobalSection
	GlobalSection(ProjectConfigurationPlatforms) = postSolution
		{ED6B5FFA-0E1C-4BCE-D08B-69CC2DE9576F}.Debug|Any CPU.ActiveCfg = Debug|Any CPU
		{ED6B5FFA-0E1C-4BCE-D08B-69CC2DE9576F}.Debug|Any CPU.Build.0 = Debug|Any CPU
		{ED6B5FFA-0E1C-4BCE-D08B-69CC2DE9576F}.Release|Any CPU.ActiveCfg = Release|Any CPU
		{ED6B5FFA-0E1C-4BCE-D08B-69CC2DE9576F}.Release|Any CPU.Build.0 = Release|Any CPU
	EndGlobalSection
	GlobalSection(SolutionProperties) = preSolution
		HideSolutionNode = FALSE
	EndGlobalSection
	GlobalSection(ExtensibilityGlobals) = postSolution
		SolutionGuid = {FE6475C4-3E09-4166-B9F3-8F12F1B1C748}
	EndGlobalSection
EndGlobal
